
Microsoft Visual Studio Solution File, Format Version 12.00
# Visual Studio Version 17
VisualStudioVersion = 17.7.34031.279
MinimumVisualStudioVersion = 10.0.40219.1
Project("{FAE04EC0-301F-11D3-BF4B-00C04F79EFBC}") = "Snake", "Snake\Snake.csproj", "{C7ABBB40-2195-4406-8D06-A90FF00BB818}"
EndProject
Global
	GlobalSection(SolutionConfigurationPlatforms) = preSolution
		Debug|Any CPU = Debug|Any CPU
		Release|Any CPU = Release|Any CPU
	EndGlobalSection
	GlobalSection(ProjectConfigurationPlatforms) = postSolution
		{C7ABBB40-2195-4406-8D06-A90FF00BB818}.Debug|Any CPU.ActiveCfg = Debug|Any CPU
		{C7ABBB40-2195-4406-8D06-A90FF00BB818}.Debug|Any CPU.Build.0 = Debug|Any CPU
		{C7ABBB40-2195-4406-8D06-A90FF00BB818}.Release|Any CPU.ActiveCfg = Release|Any CPU
		{C7ABBB40-2195-4406-8D06-A90FF00BB818}.Release|Any CPU.Build.0 = Release|Any CPU
	EndGlobalSection
	GlobalSection(SolutionProperties) = preSolution
		HideSolutionNode = FALSE
	EndGlobalSection
	GlobalSection(ExtensibilityGlobals) = postSolution
		SolutionGuid = {475DD4D8-C26D-4B02-8328-B923623507D3}
	EndGlobalSection
EndGlobal
